
Microsoft Visual Studio Solution File, Format Version 12.00
# Visual Studio Version 17
VisualStudioVersion = 17.9.34701.34
MinimumVisualStudioVersion = 10.0.40219.1
Project("{9A19103F-16F7-4668-BE54-9A1E7A4F7556}") = "Lemonade-Stand", "Lemonade-Stand\Lemonade-Stand.csproj", "{CBDDD6BA-A0C2-4734-ADF0-E91BD05FD317}"
EndProject
Project("{9A19103F-16F7-4668-BE54-9A1E7A4F7556}") = "LemonadeStand.Domain", "LemonadeStand.Domain\LemonadeStand.Domain.csproj", "{D8DE3C5B-916B-4168-A387-E0B0C8A6F937}"
EndProject
Project("{9A19103F-16F7-4668-BE54-9A1E7A4F7556}") = "LemonadeStand.Application", "LemonadeStand.Application\LemonadeStand.Application.csproj", "{04424C5A-24DC-4ACA-BA06-A2C1B7643837}"
EndProject
Project("{9A19103F-16F7-4668-BE54-9A1E7A4F7556}") = "LemonadeStand.Application.Test", "LemonadeStand.Application.Test\LemonadeStand.Application.Test.csproj", "{E75B5E38-7B53-4A15-BE52-71F780646D96}"
EndProject
Global
	GlobalSection(SolutionConfigurationPlatforms) = preSolution
		Debug|Any CPU = Debug|Any CPU
		Release|Any CPU = Release|Any CPU
	EndGlobalSection
	GlobalSection(ProjectConfigurationPlatforms) = postSolution
		{CBDDD6BA-A0C2-4734-ADF0-E91BD05FD317}.Debug|Any CPU.ActiveCfg = Debug|Any CPU
		{CBDDD6BA-A0C2-4734-ADF0-E91BD05FD317}.Debug|Any CPU.Build.0 = Debug|Any CPU
		{CBDDD6BA-A0C2-4734-ADF0-E91BD05FD317}.Release|Any CPU.ActiveCfg = Release|Any CPU
		{CBDDD6BA-A0C2-4734-ADF0-E91BD05FD317}.Release|Any CPU.Build.0 = Release|Any CPU
		{D8DE3C5B-916B-4168-A387-E0B0C8A6F937}.Debug|Any CPU.ActiveCfg = Debug|Any CPU
		{D8DE3C5B-916B-4168-A387-E0B0C8A6F937}.Debug|Any CPU.Build.0 = Debug|Any CPU
		{D8DE3C5B-916B-4168-A387-E0B0C8A6F937}.Release|Any CPU.ActiveCfg = Release|Any CPU
		{D8DE3C5B-916B-4168-A387-E0B0C8A6F937}.Release|Any CPU.Build.0 = Release|Any CPU
		{04424C5A-24DC-4ACA-BA06-A2C1B7643837}.Debug|Any CPU.ActiveCfg = Debug|Any CPU
		{04424C5A-24DC-4ACA-BA06-A2C1B7643837}.Debug|Any CPU.Build.0 = Debug|Any CPU
		{04424C5A-24DC-4ACA-BA06-A2C1B7643837}.Release|Any CPU.ActiveCfg = Release|Any CPU
		{04424C5A-24DC-4ACA-BA06-A2C1B7643837}.Release|Any CPU.Build.0 = Release|Any CPU
		{E75B5E38-7B53-4A15-BE52-71F780646D96}.Debug|Any CPU.ActiveCfg = Debug|Any CPU
		{E75B5E38-7B53-4A15-BE52-71F780646D96}.Debug|Any CPU.Build.0 = Debug|Any CPU
		{E75B5E38-7B53-4A15-BE52-71F780646D96}.Release|Any CPU.ActiveCfg = Release|Any CPU
		{E75B5E38-7B53-4A15-BE52-71F780646D96}.Release|Any CPU.Build.0 = Release|Any CPU
	EndGlobalSection
	GlobalSection(SolutionProperties) = preSolution
		HideSolutionNode = FALSE
	EndGlobalSection
	GlobalSection(ExtensibilityGlobals) = postSolution
		SolutionGuid = {F6D40C86-DD57-4B71-99B0-2E407E83BAF4}
	EndGlobalSection
EndGlobal
